
Microsoft Visual Studio Solution File, Format Version 12.00
# Visual Studio Version 17
VisualStudioVersion = 17.10.35122.118
MinimumVisualStudioVersion = 10.0.40219.1
Project("{FAE04EC0-301F-11D3-BF4B-00C04F79EFBC}") = "TargovetsPlusAPI", "TargovetsPlusAPI.csproj", "{344FB7CD-B7D2-4B9B-B492-BF693CC9ABEE}"
EndProject
Global
	GlobalSection(SolutionConfigurationPlatforms) = preSolution
		Debug|Any CPU = Debug|Any CPU
		Release|Any CPU = Release|Any CPU
	EndGlobalSection
	GlobalSection(ProjectConfigurationPlatforms) = postSolution
		{344FB7CD-B7D2-4B9B-B492-BF693CC9ABEE}.Debug|Any CPU.ActiveCfg = Debug|Any CPU
		{344FB7CD-B7D2-4B9B-B492-BF693CC9ABEE}.Debug|Any CPU.Build.0 = Debug|Any CPU
		{344FB7CD-B7D2-4B9B-B492-BF693CC9ABEE}.Release|Any CPU.ActiveCfg = Release|Any CPU
		{344FB7CD-B7D2-4B9B-B492-BF693CC9ABEE}.Release|Any CPU.Build.0 = Release|Any CPU
	EndGlobalSection
	GlobalSection(SolutionProperties) = preSolution
		HideSolutionNode = FALSE
	EndGlobalSection
	GlobalSection(ExtensibilityGlobals) = postSolution
		SolutionGuid = {CD11C572-08BE-42AC-BBAA-3C2BF24F7093}
	EndGlobalSection
EndGlobal
