
Microsoft Visual Studio Solution File, Format Version 12.00
Project("{FAE04EC0-301F-11D3-BF4B-00C04F79EFBC}") = "TargovetsPlusAPI", "TargovetsPlusAPI.csproj", "{A6CDD616-AABE-40FB-A90D-DD8B19D80307}"
EndProject
Project("{FAE04EC0-301F-11D3-BF4B-00C04F79EFBC}") = "WebApi.Jobs", "..\WebApi.Jobs\WebApi.Jobs.csproj", "{759F0DC9-9951-4E8D-BE5C-09568173CD2E}"
EndProject
Global
	GlobalSection(SolutionConfigurationPlatforms) = preSolution
		Debug|Any CPU = Debug|Any CPU
		Release|Any CPU = Release|Any CPU
	EndGlobalSection
	GlobalSection(ProjectConfigurationPlatforms) = postSolution
		{A6CDD616-AABE-40FB-A90D-DD8B19D80307}.Debug|Any CPU.ActiveCfg = Debug|Any CPU
		{A6CDD616-AABE-40FB-A90D-DD8B19D80307}.Debug|Any CPU.Build.0 = Debug|Any CPU
		{A6CDD616-AABE-40FB-A90D-DD8B19D80307}.Release|Any CPU.ActiveCfg = Release|Any CPU
		{A6CDD616-AABE-40FB-A90D-DD8B19D80307}.Release|Any CPU.Build.0 = Release|Any CPU
		{759F0DC9-9951-4E8D-BE5C-09568173CD2E}.Debug|Any CPU.ActiveCfg = Debug|Any CPU
		{759F0DC9-9951-4E8D-BE5C-09568173CD2E}.Debug|Any CPU.Build.0 = Debug|Any CPU
		{759F0DC9-9951-4E8D-BE5C-09568173CD2E}.Release|Any CPU.ActiveCfg = Release|Any CPU
		{759F0DC9-9951-4E8D-BE5C-09568173CD2E}.Release|Any CPU.Build.0 = Release|Any CPU
	EndGlobalSection
EndGlobal
